
Microsoft Visual Studio Solution File, Format Version 12.00
# Visual Studio 15
VisualStudioVersion = 15.0.28307.645
MinimumVisualStudioVersion = 10.0.40219.1
Project("{9A19103F-16F7-4668-BE54-9A1E7A4F7556}") = "ECommerce-WebApp", "ECommerce-WebApp\ECommerce-WebApp.csproj", "{ED98079C-4A3A-4EBA-B65A-E695C1D06B03}"
	ProjectSection(ProjectDependencies) = postProject
		{61647654-F3EE-4E05-A0CF-C8DD2B9E28E3} = {61647654-F3EE-4E05-A0CF-C8DD2B9E28E3}
	EndProjectSection
EndProject
Project("{9A19103F-16F7-4668-BE54-9A1E7A4F7556}") = "WebApi", "..\E-Commerce-Api\WebApi.csproj", "{61647654-F3EE-4E05-A0CF-C8DD2B9E28E3}"
EndProject
Global
	GlobalSection(SolutionConfigurationPlatforms) = preSolution
		Debug|Any CPU = Debug|Any CPU
		Release|Any CPU = Release|Any CPU
	EndGlobalSection
	GlobalSection(ProjectConfigurationPlatforms) = postSolution
		{ED98079C-4A3A-4EBA-B65A-E695C1D06B03}.Debug|Any CPU.ActiveCfg = Debug|Any CPU
		{ED98079C-4A3A-4EBA-B65A-E695C1D06B03}.Debug|Any CPU.Build.0 = Debug|Any CPU
		{ED98079C-4A3A-4EBA-B65A-E695C1D06B03}.Release|Any CPU.ActiveCfg = Release|Any CPU
		{ED98079C-4A3A-4EBA-B65A-E695C1D06B03}.Release|Any CPU.Build.0 = Release|Any CPU
		{61647654-F3EE-4E05-A0CF-C8DD2B9E28E3}.Debug|Any CPU.ActiveCfg = Debug|Any CPU
		{61647654-F3EE-4E05-A0CF-C8DD2B9E28E3}.Debug|Any CPU.Build.0 = Debug|Any CPU
		{61647654-F3EE-4E05-A0CF-C8DD2B9E28E3}.Release|Any CPU.ActiveCfg = Release|Any CPU
		{61647654-F3EE-4E05-A0CF-C8DD2B9E28E3}.Release|Any CPU.Build.0 = Release|Any CPU
	EndGlobalSection
	GlobalSection(SolutionProperties) = preSolution
		HideSolutionNode = FALSE
	EndGlobalSection
	GlobalSection(ExtensibilityGlobals) = postSolution
		SolutionGuid = {3C5B14CB-553C-43EB-9FE4-3734E5CBEC92}
	EndGlobalSection
EndGlobal
